<?xml version="1.0" encoding="UTF-8" standalone="yes" ?>
<CodeBlocks_project_file>
	<FileVersion major="1" minor="6" />
	<Project>
		<Option title="main" />
		<Option pch_mode="2" />
		<Option compiler="gcc" />
		<Build>
			<Target title="Debug">
				<Option output="bin/Debug/c++ thread" prefix_auto="1" extension_auto="1" />
				<Option object_output="obj/Debug/" />
				<Option type="1" />
				<Option compiler="gcc" />
				<Compiler>
					<Add option="-std=c++0x" />
					<Add option="-g" />
					<Add option="`pkg-config gtk+-2.0 --cflags`" />
					<Add option="-pthread" />
					<Add option="-fpermissive" />
					<Add option="-lwiringPi" />
					<Add directory="./src" />
					<Add directory="./include" />
				</Compiler>
				<Linker>
					<Add option="-pthread" />
					<Add option="-lX11" />
					<Add option="-lwiringPi" />
				</Linker>
			</Target>
			<Target title="Release">
				<Option output="bin/Release/c++ thread" prefix_auto="1" extension_auto="1" />
				<Option object_output="obj/Release/" />
				<Option type="1" />
				<Option compiler="gcc" />
				<Compiler>
					<Add directory="./src" />
					<Add directory="./include" />
				</Compiler>
				<Linker>
					<Add option="-s" />
				</Linker>
			</Target>
		</Build>
		<Compiler>
			<Add option="-std=c++0x" />
			<Add option="-Wall" />
			<Add option="`pkg-config gtk+-2.0 --cflags`" />
			<Add option="-pthread" />
			<Add option="-fpermissive" />
			<Add option="-lwiringPi" />
			<Add directory="./src" />
			<Add directory="./include" />
			<Add directory="/usr/local/include/opencv" />
		</Compiler>
		<Linker>
			<Add option="`pkg-config gtk+-2.0 --libs`" />
			<Add option="-pthread" />
			<Add option="-lX11" />
			<Add option="-lwiringPi" />
			<Add library="/usr/local/lib/libopencv_core.so" />
			<Add library="/usr/local/lib/libopencv_highgui.so" />
			<Add library="/usr/local/lib/libopencv_calib3d.so" />
			<Add library="/usr/local/lib/libopencv_contrib.so" />
			<Add library="/usr/local/lib/libopencv_features2d.so" />
			<Add library="/usr/local/lib/libopencv_flann.so" />
			<Add library="/usr/local/lib/libopencv_gpu.so" />
			<Add library="/usr/local/lib/libopencv_imgproc.so" />
			<Add library="/usr/local/lib/libopencv_legacy.so" />
			<Add library="/usr/local/lib/libopencv_ml.so" />
			<Add library="/usr/local/lib/libopencv_nonfree.so" />
			<Add library="/usr/local/lib/libopencv_objdetect.so" />
			<Add library="/usr/local/lib/libopencv_photo.so" />
			<Add library="/usr/local/lib/libopencv_stitching.so" />
			<Add library="/usr/local/lib/libopencv_ts.so" />
			<Add library="/usr/local/lib/libopencv_video.so" />
			<Add library="/usr/local/lib/libopencv_videostab.so" />
			<Add library="/usr/local/lib/libwiringPi.so" />
			<Add library="/usr/local/lib/libwiringPiDev.so" />
			<Add directory="/usr/local/lib" />
		</Linker>
		<Unit filename="include/activities/activities.h" />
		<Unit filename="include/camera.h" />
		<Unit filename="include/drivetrain.h" />
		<Unit filename="include/gui_control.h" />
		<Unit filename="include/gui_display.h" />
		<Unit filename="include/gui_main.h" />
		<Unit filename="include/project_constants.h" />
		<Unit filename="include/pwm_chip.h" />
		<Unit filename="include/servo.h" />
		<Unit filename="include/sonar.h" />
		<Unit filename="include/video processing/advanced_opencv.h" />
		<Unit filename="main.cpp" />
		<Unit filename="src/activities/activities.cpp" />
		<Unit filename="src/camera.cpp" />
		<Unit filename="src/drivetrain.cpp" />
		<Unit filename="src/gui_control.cpp" />
		<Unit filename="src/gui_display.cpp" />
		<Unit filename="src/gui_main.cpp" />
		<Unit filename="src/pwm_chip.cpp" />
		<Unit filename="src/servo.cpp" />
		<Unit filename="src/sonar.cpp" />
		<Unit filename="src/video processing/advanced_opencv.cpp" />
		<Extensions>
			<code_completion />
			<debugger />
		</Extensions>
	</Project>
</CodeBlocks_project_file>
